
Microsoft Visual Studio Solution File, Format Version 12.00
# Visual Studio Version 16
VisualStudioVersion = 16.0.29424.173
MinimumVisualStudioVersion = 10.0.40219.1
Project("{FAE04EC0-301F-11D3-BF4B-00C04F79EFBC}") = "BwengXero.Core", "BwengXero.Core\BwengXero.Core.csproj", "{9013BA3F-CF8C-4F6E-9CAE-A78054339D61}"
EndProject
Project("{FAE04EC0-301F-11D3-BF4B-00C04F79EFBC}") = "BwengXero.WebApp", "BwengXero.WebApp\BwengXero.WebApp.csproj", "{FE712565-4684-4417-A69D-B3CB4A11ACA2}"
EndProject
Global
	GlobalSection(SolutionConfigurationPlatforms) = preSolution
		Debug|Any CPU = Debug|Any CPU
		Release|Any CPU = Release|Any CPU
	EndGlobalSection
	GlobalSection(ProjectConfigurationPlatforms) = postSolution
		{9013BA3F-CF8C-4F6E-9CAE-A78054339D61}.Debug|Any CPU.ActiveCfg = Debug|Any CPU
		{9013BA3F-CF8C-4F6E-9CAE-A78054339D61}.Debug|Any CPU.Build.0 = Debug|Any CPU
		{9013BA3F-CF8C-4F6E-9CAE-A78054339D61}.Release|Any CPU.ActiveCfg = Release|Any CPU
		{9013BA3F-CF8C-4F6E-9CAE-A78054339D61}.Release|Any CPU.Build.0 = Release|Any CPU
		{FE712565-4684-4417-A69D-B3CB4A11ACA2}.Debug|Any CPU.ActiveCfg = Debug|Any CPU
		{FE712565-4684-4417-A69D-B3CB4A11ACA2}.Debug|Any CPU.Build.0 = Debug|Any CPU
		{FE712565-4684-4417-A69D-B3CB4A11ACA2}.Release|Any CPU.ActiveCfg = Release|Any CPU
		{FE712565-4684-4417-A69D-B3CB4A11ACA2}.Release|Any CPU.Build.0 = Release|Any CPU
	EndGlobalSection
	GlobalSection(SolutionProperties) = preSolution
		HideSolutionNode = FALSE
	EndGlobalSection
	GlobalSection(ExtensibilityGlobals) = postSolution
		SolutionGuid = {679ECFE2-1720-411E-BC51-B197EF432949}
	EndGlobalSection
EndGlobal
